
Microsoft Visual Studio Solution File, Format Version 12.00
# Visual Studio Version 17
VisualStudioVersion = 17.14.36429.23
MinimumVisualStudioVersion = 10.0.40219.1
Project("{FAE04EC0-301F-11D3-BF4B-00C04F79EFBC}") = "Tyuiu.KononenkoVA.Sprint1.Task0.V22", "Tyuiu.KononenkoVA.Sprint1.Task0.V22\Tyuiu.KononenkoVA.Sprint1.Task0.V22.csproj", "{64711ACA-CD78-5672-2EA0-06D6C2A51309}"
EndProject
Project("{FAE04EC0-301F-11D3-BF4B-00C04F79EFBC}") = "Tyuiu.KononenkoVA.Sprint1.Task0.V22.Lib", "Tyuiu.KononenkoVA.Sprint1.Task0.V22.Lib\Tyuiu.KononenkoVA.Sprint1.Task0.V22.Lib.csproj", "{25AACEC1-D938-8031-7EAA-B063AA41DE02}"
EndProject
Project("{FAE04EC0-301F-11D3-BF4B-00C04F79EFBC}") = "Tyuiu.KononenkoVA.Sprint1.Task0.V22.Test", "Tyuiu.KononenkoVA.Sprint1.Task0.V22.Test\Tyuiu.KononenkoVA.Sprint1.Task0.V22.Test.csproj", "{7EBE0CFF-5F41-642E-5330-016E259CFBB4}"
EndProject
Global
	GlobalSection(SolutionConfigurationPlatforms) = preSolution
		Debug|Any CPU = Debug|Any CPU
		Release|Any CPU = Release|Any CPU
	EndGlobalSection
	GlobalSection(ProjectConfigurationPlatforms) = postSolution
		{64711ACA-CD78-5672-2EA0-06D6C2A51309}.Debug|Any CPU.ActiveCfg = Debug|Any CPU
		{64711ACA-CD78-5672-2EA0-06D6C2A51309}.Debug|Any CPU.Build.0 = Debug|Any CPU
		{64711ACA-CD78-5672-2EA0-06D6C2A51309}.Release|Any CPU.ActiveCfg = Release|Any CPU
		{64711ACA-CD78-5672-2EA0-06D6C2A51309}.Release|Any CPU.Build.0 = Release|Any CPU
		{25AACEC1-D938-8031-7EAA-B063AA41DE02}.Debug|Any CPU.ActiveCfg = Debug|Any CPU
		{25AACEC1-D938-8031-7EAA-B063AA41DE02}.Debug|Any CPU.Build.0 = Debug|Any CPU
		{25AACEC1-D938-8031-7EAA-B063AA41DE02}.Release|Any CPU.ActiveCfg = Release|Any CPU
		{25AACEC1-D938-8031-7EAA-B063AA41DE02}.Release|Any CPU.Build.0 = Release|Any CPU
		{7EBE0CFF-5F41-642E-5330-016E259CFBB4}.Debug|Any CPU.ActiveCfg = Debug|Any CPU
		{7EBE0CFF-5F41-642E-5330-016E259CFBB4}.Debug|Any CPU.Build.0 = Debug|Any CPU
		{7EBE0CFF-5F41-642E-5330-016E259CFBB4}.Release|Any CPU.ActiveCfg = Release|Any CPU
		{7EBE0CFF-5F41-642E-5330-016E259CFBB4}.Release|Any CPU.Build.0 = Release|Any CPU
	EndGlobalSection
	GlobalSection(SolutionProperties) = preSolution
		HideSolutionNode = FALSE
	EndGlobalSection
	GlobalSection(ExtensibilityGlobals) = postSolution
		SolutionGuid = {3A9329D2-A2FD-4A7E-970B-22332A082036}
	EndGlobalSection
EndGlobal
